
Microsoft Visual Studio Solution File, Format Version 12.00
# Visual Studio Version 17
VisualStudioVersion = 17.9.34622.214
MinimumVisualStudioVersion = 10.0.40219.1
Project("{FAE04EC0-301F-11D3-BF4B-00C04F79EFBC}") = "Lab07", "Lab07\Lab07.csproj", "{7FF61CDA-2AF0-4F52-BE77-4D9DAA4BEF63}"
EndProject
Project("{FAE04EC0-301F-11D3-BF4B-00C04F79EFBC}") = "Data", "Data\Data.csproj", "{E6EE3398-6965-4C2E-BCD4-B3C28829009F}"
EndProject
Project("{FAE04EC0-301F-11D3-BF4B-00C04F79EFBC}") = "Business", "Business\Business.csproj", "{E9EEA2BE-5CC3-4124-84B3-EBA60849B147}"
EndProject
Project("{FAE04EC0-301F-11D3-BF4B-00C04F79EFBC}") = "Entity", "Entity\Entity.csproj", "{0C56E8C2-713C-4C34-B687-763624FFFFC6}"
EndProject
Global
	GlobalSection(SolutionConfigurationPlatforms) = preSolution
		Debug|Any CPU = Debug|Any CPU
		Release|Any CPU = Release|Any CPU
	EndGlobalSection
	GlobalSection(ProjectConfigurationPlatforms) = postSolution
		{7FF61CDA-2AF0-4F52-BE77-4D9DAA4BEF63}.Debug|Any CPU.ActiveCfg = Debug|Any CPU
		{7FF61CDA-2AF0-4F52-BE77-4D9DAA4BEF63}.Debug|Any CPU.Build.0 = Debug|Any CPU
		{7FF61CDA-2AF0-4F52-BE77-4D9DAA4BEF63}.Release|Any CPU.ActiveCfg = Release|Any CPU
		{7FF61CDA-2AF0-4F52-BE77-4D9DAA4BEF63}.Release|Any CPU.Build.0 = Release|Any CPU
		{E6EE3398-6965-4C2E-BCD4-B3C28829009F}.Debug|Any CPU.ActiveCfg = Debug|Any CPU
		{E6EE3398-6965-4C2E-BCD4-B3C28829009F}.Debug|Any CPU.Build.0 = Debug|Any CPU
		{E6EE3398-6965-4C2E-BCD4-B3C28829009F}.Release|Any CPU.ActiveCfg = Release|Any CPU
		{E6EE3398-6965-4C2E-BCD4-B3C28829009F}.Release|Any CPU.Build.0 = Release|Any CPU
		{E9EEA2BE-5CC3-4124-84B3-EBA60849B147}.Debug|Any CPU.ActiveCfg = Debug|Any CPU
		{E9EEA2BE-5CC3-4124-84B3-EBA60849B147}.Debug|Any CPU.Build.0 = Debug|Any CPU
		{E9EEA2BE-5CC3-4124-84B3-EBA60849B147}.Release|Any CPU.ActiveCfg = Release|Any CPU
		{E9EEA2BE-5CC3-4124-84B3-EBA60849B147}.Release|Any CPU.Build.0 = Release|Any CPU
		{0C56E8C2-713C-4C34-B687-763624FFFFC6}.Debug|Any CPU.ActiveCfg = Debug|Any CPU
		{0C56E8C2-713C-4C34-B687-763624FFFFC6}.Debug|Any CPU.Build.0 = Debug|Any CPU
		{0C56E8C2-713C-4C34-B687-763624FFFFC6}.Release|Any CPU.ActiveCfg = Release|Any CPU
		{0C56E8C2-713C-4C34-B687-763624FFFFC6}.Release|Any CPU.Build.0 = Release|Any CPU
	EndGlobalSection
	GlobalSection(SolutionProperties) = preSolution
		HideSolutionNode = FALSE
	EndGlobalSection
	GlobalSection(ExtensibilityGlobals) = postSolution
		SolutionGuid = {0F8EC220-943D-4297-99D4-D496CAB12E3A}
	EndGlobalSection
EndGlobal
